{
  "name": "casualtyping",
  "lockfileVersion": 3,
  "requires": true,
  "packages": {
    "": {
      "dependencies": {
        "higgsino": "^0.1.26"
      }
    },
    "node_modules/higgsino": {
      "version": "0.1.26",
      "resolved": "https://registry.npmjs.org/higgsino/-/higgsino-0.1.26.tgz",
      "integrity": "sha512-1aiXvxb2P1Mkraj+UVvdt2yU0hf/EF29rHYwfCeIvG/NnbOmON72cQsLHrQkUrfPNrhNhWI7Rh9fZX0Mfr3bTQ=="
    }
  }
}
